{
  "object": {
    "pins": [
      {
        "package": "MultiPeer",
        "repositoryURL": "https://github.com/dingwilson/MultiPeer.git",
        "state": {
          "branch": null,
          "revision": "77914e66c16088f8dbf153423d2dafc288d8bcb7",
          "version": "0.2.0"
        }
      }
    ]
  },
  "version": 1
}
