{
  "object": {
    "pins": [
      {
        "package": "NearPeer",
        "repositoryURL": "https://github.com/maxchuquimia/NearPeer",
        "state": {
          "branch": null,
          "revision": "81f4f4dc973ebdf58769e797a7a73568d50b2572",
          "version": "0.0.4"
        }
      },
      {
        "package": "Reduks",
        "repositoryURL": "https://github.com/maxchuquimia/Reduks.git",
        "state": {
          "branch": "master",
          "revision": "2d22e27df42ce884aa24132628bcf4c9a7f83bd3",
          "version": null
        }
      }
    ]
  },
  "version": 1
}
